{
  "version": "5",
  "redirects": {
    "https://esm.sh/@types/ws@~8.18.1/index.d.mts": "https://esm.sh/@types/ws@8.18.1/index.d.mts"
  },
  "remote": {
    "https://esm.sh/@hocuspocus/common@2.15.3/esnext/common.mjs": "e8cb89e92d841a965ea9080f20d97d5a284fa4151ef8e5729dfffa398bb80a32",
    "https://esm.sh/@hocuspocus/common@^2.15.0?target=esnext": "ea8afe8c5621fba8631a5a8327a5c448f0b9db4c305a031b3a475c44728f4a29",
    "https://esm.sh/@hocuspocus/provider@2.15.0/X-ZHlqc0AxMy42LjIzCmV3cw/esnext/provider.mjs": "e11b96a8309a99b09332488e9a8d7379f307e7bb6cbd19e713768a75f329e3e4",
    "https://esm.sh/@hocuspocus/provider@2.15.0?target=esnext&external=ws&deps=yjs@13.6.23": "e8ed1bc332d5305ad808eaf9994bb0428dddac599fdd41248e090c2bbfda3a28",
    "https://esm.sh/@lifeomic/attempt@3.1.0/esnext/attempt.mjs": "ed3651cd8faa35b2f84046383db845b20990aaf35411aca281c3b4958e49232a",
    "https://esm.sh/@lifeomic/attempt@^3.0.2?target=esnext": "f073a884e56368bb35e560034e24b5af4cc6b7af1d803cbafa174d13ef7fc6df",
    "https://esm.sh/lib0@0.2.117/esnext/array.mjs": "3cefd28a621f33cde0b8d682b7f800da593f642303e9e9722537ff7eb1fed756",
    "https://esm.sh/lib0@0.2.117/esnext/binary.mjs": "32973b1a877058e485cd2021fecd582850388a4b64f0183ad4b2f90f3fd651cf",
    "https://esm.sh/lib0@0.2.117/esnext/buffer.mjs": "fb6162e14e1b674921ee6fc58823f6b45e87af97cb877fade3dd85fea7afdf5a",
    "https://esm.sh/lib0@0.2.117/esnext/conditions.mjs": "24266608888677d847412abf7e3d19867ab2fedafd398a1b1126c501a894c576",
    "https://esm.sh/lib0@0.2.117/esnext/decoding.mjs": "f8f3f2177c076e79a6efdc935e822d6a73d3161f3c885ce43eba5789e31c1792",
    "https://esm.sh/lib0@0.2.117/esnext/dom.mjs": "1e783b272ca1a7adb1721ee3d48062246576566213e54ecbad4a7a271d4d8dc5",
    "https://esm.sh/lib0@0.2.117/esnext/encoding.mjs": "33b8e16ac6a9f9a8a83cebfd2ca49cabd823b8b563e08fc6140ab0bf81f54e59",
    "https://esm.sh/lib0@0.2.117/esnext/environment.mjs": "717bf4173e210df2b6f672778e21d554cfea0ee4347ab538febbecc022274d93",
    "https://esm.sh/lib0@0.2.117/esnext/error.mjs": "70c6f744924d1d3ffa3dce640c704d6790bde743d7244911a11fd1a0f98ba2ee",
    "https://esm.sh/lib0@0.2.117/esnext/eventloop.mjs": "fac14d395f09f6458ff94d3f83152f8ffb6708452c6f988778c8e742c6374d97",
    "https://esm.sh/lib0@0.2.117/esnext/function.mjs": "6aba0ed8df1941f9f5fe831510979e32dd404382b0b84cc6e7b516614d31c5ec",
    "https://esm.sh/lib0@0.2.117/esnext/iterator.mjs": "09b16527cb51e07f09c93cc9001e203c1b229e874d94847942ca296a5fafe348",
    "https://esm.sh/lib0@0.2.117/esnext/json.mjs": "d1f314f032824efc34f23c78f13dc895ab5bde122bd8ca890d26a12ad08c3a2e",
    "https://esm.sh/lib0@0.2.117/esnext/logging.mjs": "9273968dc98f4b6b55617bce265e56079fef99a6554b7f7a5aa5a4eaa3f7ccd1",
    "https://esm.sh/lib0@0.2.117/esnext/map.mjs": "02411dc0dde20628c15cf0a277a831e2ea12e781fad56a53c85258657420eb62",
    "https://esm.sh/lib0@0.2.117/esnext/math.mjs": "54474b9a573d49331f86774574b265daff41c2b7c00969d61cd60265ca727a04",
    "https://esm.sh/lib0@0.2.117/esnext/metric.mjs": "2f09b9f8a7f9d3930684f2196544db78e324be6445ddee78fecf485427c7cd94",
    "https://esm.sh/lib0@0.2.117/esnext/number.mjs": "cd071fd1e4d9c1411efe98f728056bbc8dc1e76dd3ed2b0fe94432eb475c4d1e",
    "https://esm.sh/lib0@0.2.117/esnext/object.mjs": "68f6da963282289000f7e37bf70b41ff860f79d9c3bed4d3df40b199216da067",
    "https://esm.sh/lib0@0.2.117/esnext/observable.mjs": "5aeb0d6409f9a9f4d95406df5d610f307e85df5d3c9f920e4def9dcb9bc82677",
    "https://esm.sh/lib0@0.2.117/esnext/pair.mjs": "ad3c5f6e9a0ef370c56bc4953aebdc08b0175ab9bf10d032487b845f0c275b69",
    "https://esm.sh/lib0@0.2.117/esnext/prng.mjs": "0ef1860fd298909bd8b28cadfab072b482e855ad34299259f468a5a49775184a",
    "https://esm.sh/lib0@0.2.117/esnext/promise.mjs": "9d138cc8dc54923df93105ee13c97248d4b1a118724010fa9e97dcf3cfeb41b9",
    "https://esm.sh/lib0@0.2.117/esnext/random.mjs": "20b77a2608c81a9a092f0c8940e7734b02feb6fc8e345eed6c66ab1a6a5e7601",
    "https://esm.sh/lib0@0.2.117/esnext/schema.mjs": "ed8b5122f47503bd749e1a97304947f558c3b81ea3ffde6e8fdf634e853a0f6d",
    "https://esm.sh/lib0@0.2.117/esnext/set.mjs": "2aba10d084a203d3dca7c17f0b1dbea31ed9fd9e85b2783cfb54c5d7a83778ca",
    "https://esm.sh/lib0@0.2.117/esnext/storage.mjs": "f7a856cd4270685ff48e11710dffffb42c01decfa2444c77a310fb1f88cf2cea",
    "https://esm.sh/lib0@0.2.117/esnext/string.mjs": "89ab4cc0e77fb2c258567b561eb4c6672ccd01bfa67c98e921d9c7f94bff4e7b",
    "https://esm.sh/lib0@0.2.117/esnext/symbol.mjs": "bda7feb63d108a34256116eaf3723670841a973314dafa14ca44c92e47901631",
    "https://esm.sh/lib0@0.2.117/esnext/time.mjs": "f9b25d670ac098cdf916f580608075655a9d2ec58a76fe9b822ec26cb7f2f793",
    "https://esm.sh/lib0@0.2.117/esnext/trait/equality.mjs": "95217e0be9c2f9cd20acd4bc625ccbd78d1d4c53af76f74225f6ca396c90ae44",
    "https://esm.sh/lib0@0.2.117/esnext/webcrypto.mjs": "a3bcb34033e42e1176d2ccc2652c1a8697e651b0ac4e3c603ec6a6f29f6e2dad",
    "https://esm.sh/lib0@^0.2.99/array?target=esnext": "3541a222c7c949bb2eff91c0f80599237c921b7bd3ce9d31318c39c0117e0c52",
    "https://esm.sh/lib0@^0.2.99/binary?target=esnext": "264d479c474ee40f296ad616652c6cd578ad4fa3c81e546d3dbeaee65855b3eb",
    "https://esm.sh/lib0@^0.2.99/buffer?target=esnext": "f2c4906ad4643e9b047f5d4a3cc5e6ef381ae889d8d9814e6db45b09ba515b87",
    "https://esm.sh/lib0@^0.2.99/decoding?target=esnext": "67ba276eb1b0dfabe6e7233c62dcd8c4e28e21bcb0822188f233b0fe37e90860",
    "https://esm.sh/lib0@^0.2.99/encoding?target=esnext": "03e75219840ad319d5b51d18335243ef0287a65724d0539b0f63ea87a3bce73e",
    "https://esm.sh/lib0@^0.2.99/environment?target=esnext": "298507dce2716fabaa4be67a27f181b96ded07f32b31a3a9189b6f7f561701f0",
    "https://esm.sh/lib0@^0.2.99/error?target=esnext": "dbccde39007f3846f7137bbbb4d03b44eb774da56577571197fb95b82453141d",
    "https://esm.sh/lib0@^0.2.99/function?target=esnext": "2256f5bb868a3405b2c8bfc35c011c35116d0d1544e51719f2c50205c958d1bc",
    "https://esm.sh/lib0@^0.2.99/iterator?target=esnext": "02fea8321b9f1d9edcf395fbb36b558f1e4477b810a71ad089db76f1c1d47c73",
    "https://esm.sh/lib0@^0.2.99/logging?target=esnext": "597631285b699fe1db3f7a128ff7ec5f64898eb0e0172d323627f3b8b1787e94",
    "https://esm.sh/lib0@^0.2.99/map?target=esnext": "c3e84f6508d4f987ff6d8327ec51571606e8a110fc80c1d18539e823cb12b9b4",
    "https://esm.sh/lib0@^0.2.99/math?target=esnext": "a2ac8b8fb981d2f99f73d3609668fe141956433bc7137e770c6ca330192fe883",
    "https://esm.sh/lib0@^0.2.99/object?target=esnext": "46c61507ae5e0617870b28abd49fa1cdc0b4eac6032f497e46a60dd3fdfa1b04",
    "https://esm.sh/lib0@^0.2.99/observable?target=esnext": "fa1b21c5f768457a78a4810b5e5dc2e2ea244905fec730c7a09f72708c4e2fcd",
    "https://esm.sh/lib0@^0.2.99/promise?target=esnext": "1b882d18c5a898740d378baf74ee3a0106688e2c9dc7c8d5682d72ece3a6ed1f",
    "https://esm.sh/lib0@^0.2.99/random?target=esnext": "59636989468b2ca16ab96f117ed1ab6b27e931391f35f0399dfcd147cc2ab94a",
    "https://esm.sh/lib0@^0.2.99/set?target=esnext": "d14e35c0759a5fb5c4a2d13305d751c978c032fe7e114760adbb7f93a8a18669",
    "https://esm.sh/lib0@^0.2.99/string?target=esnext": "0c18a0d6f789cf7afc4933c2c20c97559d13f2b04adcbd79986a243355467a18",
    "https://esm.sh/lib0@^0.2.99/time?target=esnext": "622cb283813e86aa582885261fefbffccc49115dc2556e9fe62bf6c374ad8478",
    "https://esm.sh/node/async_hooks.mjs": "b7862dbfba8bbbca956f19e4e08280b529e4b27468779775a9093aef8c92dc1d",
    "https://esm.sh/node/buffer.mjs": "64fb61aa5f48644d685f9ceabedba60ea6b5d6ce03dac1943e863d00d9e574f3",
    "https://esm.sh/node/events.mjs": "4c6150b88c1444aa1fe9331013e3f37eda9836206f629f7f3ae8f3743dd90fa8",
    "https://esm.sh/node/process.mjs": "79e7646e87709989f575ea4ce02e0877bc9303081567b1c0d412527917ae9e91",
    "https://esm.sh/node/tty.mjs": "c66ff4b406bad449bfb2ced355f15badf16f4d9e035d2d300e33b5aeee64e3be",
    "https://esm.sh/ws?target=esnext": "bd6cef016f3ae78f742efb7bd2e1c187ea01889985da747628ef9268b7d792f4",
    "https://esm.sh/ws@8.21.0/esnext/ws.mjs": "549988cf209c4428c28fa00321b5f8830f37ed42cfd3e52e304c2c3d6c91d90c",
    "https://esm.sh/yjs@13.6.23/esnext/yjs.mjs": "89bed856a69d47f350e392c210d4b6ae5bee5914fdbf2b3875a4f6642053d2ac",
    "https://esm.sh/yjs@13.6.23?target=esnext": "86a6d9b07024dfd232579f3dd3996a88d5b318fb0b72ee3a1739e75113ccb185"
  },
  "workspace": {
    "packageJson": {
      "dependencies": [
        "npm:@cxai/ide@^1.0.19",
        "npm:@hocuspocus/provider@^2.15.3",
        "npm:@hono/node-server@^1.19.14",
        "npm:@types/react-dom@^18.2.7",
        "npm:@types/react@^18.2.20",
        "npm:@typescript-eslint/eslint-plugin@^6.7.4",
        "npm:@valtown/sdk@1",
        "npm:deno@^2.9.2",
        "npm:eslint-config-prettier@9",
        "npm:eslint-import-resolver-typescript@^3.6.1",
        "npm:eslint-plugin-import@^2.28.1",
        "npm:eslint-plugin-jsx-a11y@^6.7.1",
        "npm:eslint-plugin-react-hooks@^4.6.0",
        "npm:eslint-plugin-react@^7.33.2",
        "npm:eslint@^8.38.0",
        "npm:hono@^4.12.28",
        "npm:tsx@^4.23.0",
        "npm:typescript@^5.1.6"
      ]
    }
  }
}
